
Microsoft Visual Studio Solution File, Format Version 12.00
# Visual Studio 2013
VisualStudioVersion = 12.0.40629.0
MinimumVisualStudioVersion = 10.0.40219.1
Project("{FAE04EC0-301F-11D3-BF4B-00C04F79EFBC}") = "MazeSolver", "MazeSolver\MazeSolver.csproj", "{9C462F4F-554D-4A32-994E-49DE984C8012}"
EndProject
Project("{FAE04EC0-301F-11D3-BF4B-00C04F79EFBC}") = "MazeSolverTests", "MazeSolverTests\MazeSolverTests.csproj", "{5EF056F7-A5EF-4DB5-B7E3-668412929612}"
EndProject
Global
	GlobalSection(SolutionConfigurationPlatforms) = preSolution
		Debug|Any CPU = Debug|Any CPU
		Release|Any CPU = Release|Any CPU
	EndGlobalSection
	GlobalSection(ProjectConfigurationPlatforms) = postSolution
		{9C462F4F-554D-4A32-994E-49DE984C8012}.Debug|Any CPU.ActiveCfg = Debug|Any CPU
		{9C462F4F-554D-4A32-994E-49DE984C8012}.Debug|Any CPU.Build.0 = Debug|Any CPU
		{9C462F4F-554D-4A32-994E-49DE984C8012}.Release|Any CPU.ActiveCfg = Release|Any CPU
		{9C462F4F-554D-4A32-994E-49DE984C8012}.Release|Any CPU.Build.0 = Release|Any CPU
		{5EF056F7-A5EF-4DB5-B7E3-668412929612}.Debug|Any CPU.ActiveCfg = Debug|Any CPU
		{5EF056F7-A5EF-4DB5-B7E3-668412929612}.Debug|Any CPU.Build.0 = Debug|Any CPU
		{5EF056F7-A5EF-4DB5-B7E3-668412929612}.Release|Any CPU.ActiveCfg = Release|Any CPU
		{5EF056F7-A5EF-4DB5-B7E3-668412929612}.Release|Any CPU.Build.0 = Release|Any CPU
	EndGlobalSection
	GlobalSection(SolutionProperties) = preSolution
		HideSolutionNode = FALSE
	EndGlobalSection
EndGlobal
